
Microsoft Visual Studio Solution File, Format Version 12.00
# Visual Studio Version 17
VisualStudioVersion = 17.4.33110.190
MinimumVisualStudioVersion = 10.0.40219.1
Project("{FAE04EC0-301F-11D3-BF4B-00C04F79EFBC}") = "CommandProject", "CommandProject\CommandProject.csproj", "{D80183BA-2DF4-4068-9E40-48F0295EE7C9}"
EndProject
Global
	GlobalSection(SolutionConfigurationPlatforms) = preSolution
		Debug|Any CPU = Debug|Any CPU
		Release|Any CPU = Release|Any CPU
	EndGlobalSection
	GlobalSection(ProjectConfigurationPlatforms) = postSolution
		{D80183BA-2DF4-4068-9E40-48F0295EE7C9}.Debug|Any CPU.ActiveCfg = Debug|Any CPU
		{D80183BA-2DF4-4068-9E40-48F0295EE7C9}.Debug|Any CPU.Build.0 = Debug|Any CPU
		{D80183BA-2DF4-4068-9E40-48F0295EE7C9}.Release|Any CPU.ActiveCfg = Release|Any CPU
		{D80183BA-2DF4-4068-9E40-48F0295EE7C9}.Release|Any CPU.Build.0 = Release|Any CPU
	EndGlobalSection
	GlobalSection(SolutionProperties) = preSolution
		HideSolutionNode = FALSE
	EndGlobalSection
	GlobalSection(ExtensibilityGlobals) = postSolution
		SolutionGuid = {24893683-26C9-426D-BAE0-1986DCF44834}
	EndGlobalSection
EndGlobal
